github.com/Bimde/fancam-generator v0.0.0-20190524141321-0b35ce3802db h1:V6vyqWzfH6GTHHbi3t2JmsHAYAVjZlbbK8SxC00FdTQ=
github.com/Bimde/fancam-generator/httputils v0.0.0-20190524180417-34dec234d22c h1:/GXLSbKk8GYQYRysuc5r17dYLcwrSweKf7Zf7MHyfAo=
github.com/Bimde/fancam-generator/httputils v0.0.0-20190524180417-34dec234d22c/go.mod h1:I5wV/Zu5fyLmSOf9XkbSKqREscdgRI0bD98XVIWFpgw=
github.com/Bimde/httputils v0.0.0-20190413154510-a18d71744d12 h1:UR6NO7nO9Xb8oJRNLGfyju8iCsobxcS3DSvKBmWkZcY=
github.com/Bimde/httputils v0.0.0-20190413154510-a18d71744d12/go.mod h1:w3Tyk6lJIAxGnKeYh8GU6RNdHyemgk77zac9zI6HLgM=
github.com/davecgh/go-spew v1.1.1/go.mod h1:J7Y8YcW2NihsgmVo/mv3lAwl/skON4iLHjSsI+c5H38=
github.com/google/go-cmp v0.3.0 h1:crn/baboCvb5fXaQ0IJ1SGTsTVrWpDsCWC8EGETZijY=
github.com/google/go-cmp v0.3.0/go.mod h1:8QqcDgzrUqlUb/G2PQTWiueGozuR1884gddMywk6iLU=
github.com/konsorten/go-windows-terminal-sequences v1.0.1/go.mod h1:T0+1ngSBFLxvqU3pZ+m/2kptfBszLMUkC4ZK/EgS/cQ=
github.com/mitchellh/mapstructure v1.1.2 h1:fmNYVwqnSfB9mZU6OS2O6GsXM+wcskZDuKQzvN1EDeE=
github.com/mitchellh/mapstructure v1.1.2/go.mod h1:FVVH3fgwuzCH5S8UJGiWEs2h04kUh9fWfEaFds41c1Y=
github.com/pmezard/go-difflib v1.0.0/go.mod h1:iKH77koFhYxTK1pcRnkKkqfTogsbg7gZNVY4sRDYZ/4=
github.com/sirupsen/logrus v1.4.2 h1:SPIRibHv4MatM3XXNO2BJeFLZwZ2LvZgfQ5+UNI2im4=
github.com/sirupsen/logrus v1.4.2/go.mod h1:tLMulIdttU9McNUspp0xgXVQah82FyeX6MwdIuYE2rE=
github.com/stretchr/objx v0.1.1/go.mod h1:HFkY916IF+rwdDfMAkV7OtwuqBVzrE8GR6GFx+wExME=
github.com/stretchr/testify v1.2.2/go.mod h1:a8OnRcib4nhh0OaRAV+Yts87kKdq0PP7pXfy6kDkUVs=
golang.org/x/sys v0.0.0-20190422165155-953cdadca894 h1:Cz4ceDQGXuKRnVBDTS23GTn/pU5OE2C0WrNTOYK1Uuc=
golang.org/x/sys v0.0.0-20190422165155-953cdadca894/go.mod h1:h1NjWce9XRLGQEsW7wpKNCjG9DtNlClVuFLEZdDNbEs=
